{
  "name": "api-health-monitor",
  "version": "0.1.1",
  "lockfileVersion": 3,
  "requires": true,
  "packages": {
    "": {
      "name": "api-health-monitor",
      "version": "0.1.1",
      "hasInstallScript": true,
      "license": "ISC",
      "bin": {
        "mon": "bin/index.js"
      }
    }
  }
}
